
Microsoft Visual Studio Solution File, Format Version 12.00
# Visual Studio Version 18
VisualStudioVersion = 18.0.11111.16
MinimumVisualStudioVersion = 10.0.40219.1
Project("{FAE04EC0-301F-11D3-BF4B-00C04F79EFBC}") = "MerryBot", "MerryBot\MerryBot.csproj", "{735BC317-94EB-4F4C-BE84-8552C51F97EA}"
EndProject
Project("{FAE04EC0-301F-11D3-BF4B-00C04F79EFBC}") = "NapcatClient", "NapcatClient\NapcatClient.csproj", "{D98B03D5-094C-4283-B1D8-A1032D3CE63F}"
EndProject
Project("{FAE04EC0-301F-11D3-BF4B-00C04F79EFBC}") = "DataProvider", "DataProvider\DataProvider.csproj", "{B05BC633-F715-90FF-76AB-44CA0EAE0596}"
EndProject
Project("{FAE04EC0-301F-11D3-BF4B-00C04F79EFBC}") = "plugins", "plugins\plugins.csproj", "{20FE0F71-BEBC-DA11-601B-F6D834C8EA50}"
EndProject
Project("{FAE04EC0-301F-11D3-BF4B-00C04F79EFBC}") = "Test", "Test\Test.csproj", "{91A7D929-2DB5-47BB-B04A-1CD6C00103EE}"
EndProject
Project("{FAE04EC0-301F-11D3-BF4B-00C04F79EFBC}") = "ZhipuAi", "ZhipuAi\ZhipuAi.csproj", "{FB3018D0-EB28-40A1-BC2C-C74DA8207212}"
EndProject
Project("{FAE04EC0-301F-11D3-BF4B-00C04F79EFBC}") = "CommonLib", "CommonLib\CommonLib.csproj", "{FC3964D3-9982-4881-AEEF-A7450D99584A}"
EndProject
Project("{FAE04EC0-301F-11D3-BF4B-00C04F79EFBC}") = "DataService", "DataService\DataService.csproj", "{9CC000AA-E3F9-ED2C-D619-00424FAD83F2}"
EndProject
Project("{FAE04EC0-301F-11D3-BF4B-00C04F79EFBC}") = "HistoryWebFrontend", "HistoryWebFrontend\HistoryWebFrontend.csproj", "{A2CEE25E-C59C-4BA3-A26D-81D8C17BE2AF}"
EndProject
Project("{2150E333-8FDC-42A3-9474-1A3956D46DE8}") = "Solution Items", "Solution Items", "{21F76A5B-D424-4632-A761-95E13FC7A857}"
	ProjectSection(SolutionItems) = preProject
		.editorconfig = .editorconfig
	EndProjectSection
EndProject
Global
	GlobalSection(SolutionConfigurationPlatforms) = preSolution
		Debug|Any CPU = Debug|Any CPU
		Debug|x64 = Debug|x64
		Debug|x86 = Debug|x86
		Release|Any CPU = Release|Any CPU
		Release|x64 = Release|x64
		Release|x86 = Release|x86
	EndGlobalSection
	GlobalSection(ProjectConfigurationPlatforms) = postSolution
		{735BC317-94EB-4F4C-BE84-8552C51F97EA}.Debug|Any CPU.ActiveCfg = Debug|Any CPU
		{735BC317-94EB-4F4C-BE84-8552C51F97EA}.Debug|Any CPU.Build.0 = Debug|Any CPU
		{735BC317-94EB-4F4C-BE84-8552C51F97EA}.Debug|x64.ActiveCfg = Debug|Any CPU
		{735BC317-94EB-4F4C-BE84-8552C51F97EA}.Debug|x64.Build.0 = Debug|Any CPU
		{735BC317-94EB-4F4C-BE84-8552C51F97EA}.Debug|x86.ActiveCfg = Debug|Any CPU
		{735BC317-94EB-4F4C-BE84-8552C51F97EA}.Debug|x86.Build.0 = Debug|Any CPU
		{735BC317-94EB-4F4C-BE84-8552C51F97EA}.Release|Any CPU.ActiveCfg = Release|Any CPU
		{735BC317-94EB-4F4C-BE84-8552C51F97EA}.Release|Any CPU.Build.0 = Release|Any CPU
		{735BC317-94EB-4F4C-BE84-8552C51F97EA}.Release|x64.ActiveCfg = Release|Any CPU
		{735BC317-94EB-4F4C-BE84-8552C51F97EA}.Release|x64.Build.0 = Release|Any CPU
		{735BC317-94EB-4F4C-BE84-8552C51F97EA}.Release|x86.ActiveCfg = Release|Any CPU
		{735BC317-94EB-4F4C-BE84-8552C51F97EA}.Release|x86.Build.0 = Release|Any CPU
		{D98B03D5-094C-4283-B1D8-A1032D3CE63F}.Debug|Any CPU.ActiveCfg = Debug|Any CPU
		{D98B03D5-094C-4283-B1D8-A1032D3CE63F}.Debug|Any CPU.Build.0 = Debug|Any CPU
		{D98B03D5-094C-4283-B1D8-A1032D3CE63F}.Debug|x64.ActiveCfg = Debug|Any CPU
		{D98B03D5-094C-4283-B1D8-A1032D3CE63F}.Debug|x64.Build.0 = Debug|Any CPU
		{D98B03D5-094C-4283-B1D8-A1032D3CE63F}.Debug|x86.ActiveCfg = Debug|Any CPU
		{D98B03D5-094C-4283-B1D8-A1032D3CE63F}.Debug|x86.Build.0 = Debug|Any CPU
		{D98B03D5-094C-4283-B1D8-A1032D3CE63F}.Release|Any CPU.ActiveCfg = Release|Any CPU
		{D98B03D5-094C-4283-B1D8-A1032D3CE63F}.Release|Any CPU.Build.0 = Release|Any CPU
		{D98B03D5-094C-4283-B1D8-A1032D3CE63F}.Release|x64.ActiveCfg = Release|Any CPU
		{D98B03D5-094C-4283-B1D8-A1032D3CE63F}.Release|x64.Build.0 = Release|Any CPU
		{D98B03D5-094C-4283-B1D8-A1032D3CE63F}.Release|x86.ActiveCfg = Release|Any CPU
		{D98B03D5-094C-4283-B1D8-A1032D3CE63F}.Release|x86.Build.0 = Release|Any CPU
		{B05BC633-F715-90FF-76AB-44CA0EAE0596}.Debug|Any CPU.ActiveCfg = Debug|Any CPU
		{B05BC633-F715-90FF-76AB-44CA0EAE0596}.Debug|Any CPU.Build.0 = Debug|Any CPU
		{B05BC633-F715-90FF-76AB-44CA0EAE0596}.Debug|x64.ActiveCfg = Debug|Any CPU
		{B05BC633-F715-90FF-76AB-44CA0EAE0596}.Debug|x64.Build.0 = Debug|Any CPU
		{B05BC633-F715-90FF-76AB-44CA0EAE0596}.Debug|x86.ActiveCfg = Debug|Any CPU
		{B05BC633-F715-90FF-76AB-44CA0EAE0596}.Debug|x86.Build.0 = Debug|Any CPU
		{B05BC633-F715-90FF-76AB-44CA0EAE0596}.Release|Any CPU.ActiveCfg = Release|Any CPU
		{B05BC633-F715-90FF-76AB-44CA0EAE0596}.Release|Any CPU.Build.0 = Release|Any CPU
		{B05BC633-F715-90FF-76AB-44CA0EAE0596}.Release|x64.ActiveCfg = Release|Any CPU
		{B05BC633-F715-90FF-76AB-44CA0EAE0596}.Release|x64.Build.0 = Release|Any CPU
		{B05BC633-F715-90FF-76AB-44CA0EAE0596}.Release|x86.ActiveCfg = Release|Any CPU
		{B05BC633-F715-90FF-76AB-44CA0EAE0596}.Release|x86.Build.0 = Release|Any CPU
		{20FE0F71-BEBC-DA11-601B-F6D834C8EA50}.Debug|Any CPU.ActiveCfg = Debug|Any CPU
		{20FE0F71-BEBC-DA11-601B-F6D834C8EA50}.Debug|Any CPU.Build.0 = Debug|Any CPU
		{20FE0F71-BEBC-DA11-601B-F6D834C8EA50}.Debug|x64.ActiveCfg = Debug|Any CPU
		{20FE0F71-BEBC-DA11-601B-F6D834C8EA50}.Debug|x64.Build.0 = Debug|Any CPU
		{20FE0F71-BEBC-DA11-601B-F6D834C8EA50}.Debug|x86.ActiveCfg = Debug|Any CPU
		{20FE0F71-BEBC-DA11-601B-F6D834C8EA50}.Debug|x86.Build.0 = Debug|Any CPU
		{20FE0F71-BEBC-DA11-601B-F6D834C8EA50}.Release|Any CPU.ActiveCfg = Release|Any CPU
		{20FE0F71-BEBC-DA11-601B-F6D834C8EA50}.Release|Any CPU.Build.0 = Release|Any CPU
		{20FE0F71-BEBC-DA11-601B-F6D834C8EA50}.Release|x64.ActiveCfg = Release|Any CPU
		{20FE0F71-BEBC-DA11-601B-F6D834C8EA50}.Release|x64.Build.0 = Release|Any CPU
		{20FE0F71-BEBC-DA11-601B-F6D834C8EA50}.Release|x86.ActiveCfg = Release|Any CPU
		{20FE0F71-BEBC-DA11-601B-F6D834C8EA50}.Release|x86.Build.0 = Release|Any CPU
		{91A7D929-2DB5-47BB-B04A-1CD6C00103EE}.Debug|Any CPU.ActiveCfg = Debug|Any CPU
		{91A7D929-2DB5-47BB-B04A-1CD6C00103EE}.Debug|Any CPU.Build.0 = Debug|Any CPU
		{91A7D929-2DB5-47BB-B04A-1CD6C00103EE}.Debug|x64.ActiveCfg = Debug|Any CPU
		{91A7D929-2DB5-47BB-B04A-1CD6C00103EE}.Debug|x64.Build.0 = Debug|Any CPU
		{91A7D929-2DB5-47BB-B04A-1CD6C00103EE}.Debug|x86.ActiveCfg = Debug|Any CPU
		{91A7D929-2DB5-47BB-B04A-1CD6C00103EE}.Debug|x86.Build.0 = Debug|Any CPU
		{91A7D929-2DB5-47BB-B04A-1CD6C00103EE}.Release|Any CPU.ActiveCfg = Release|Any CPU
		{91A7D929-2DB5-47BB-B04A-1CD6C00103EE}.Release|Any CPU.Build.0 = Release|Any CPU
		{91A7D929-2DB5-47BB-B04A-1CD6C00103EE}.Release|x64.ActiveCfg = Release|Any CPU
		{91A7D929-2DB5-47BB-B04A-1CD6C00103EE}.Release|x64.Build.0 = Release|Any CPU
		{91A7D929-2DB5-47BB-B04A-1CD6C00103EE}.Release|x86.ActiveCfg = Release|Any CPU
		{91A7D929-2DB5-47BB-B04A-1CD6C00103EE}.Release|x86.Build.0 = Release|Any CPU
		{FB3018D0-EB28-40A1-BC2C-C74DA8207212}.Debug|Any CPU.ActiveCfg = Debug|Any CPU
		{FB3018D0-EB28-40A1-BC2C-C74DA8207212}.Debug|Any CPU.Build.0 = Debug|Any CPU
		{FB3018D0-EB28-40A1-BC2C-C74DA8207212}.Debug|x64.ActiveCfg = Debug|Any CPU
		{FB3018D0-EB28-40A1-BC2C-C74DA8207212}.Debug|x64.Build.0 = Debug|Any CPU
		{FB3018D0-EB28-40A1-BC2C-C74DA8207212}.Debug|x86.ActiveCfg = Debug|Any CPU
		{FB3018D0-EB28-40A1-BC2C-C74DA8207212}.Debug|x86.Build.0 = Debug|Any CPU
		{FB3018D0-EB28-40A1-BC2C-C74DA8207212}.Release|Any CPU.ActiveCfg = Release|Any CPU
		{FB3018D0-EB28-40A1-BC2C-C74DA8207212}.Release|Any CPU.Build.0 = Release|Any CPU
		{FB3018D0-EB28-40A1-BC2C-C74DA8207212}.Release|x64.ActiveCfg = Release|Any CPU
		{FB3018D0-EB28-40A1-BC2C-C74DA8207212}.Release|x64.Build.0 = Release|Any CPU
		{FB3018D0-EB28-40A1-BC2C-C74DA8207212}.Release|x86.ActiveCfg = Release|Any CPU
		{FB3018D0-EB28-40A1-BC2C-C74DA8207212}.Release|x86.Build.0 = Release|Any CPU
		{FC3964D3-9982-4881-AEEF-A7450D99584A}.Debug|Any CPU.ActiveCfg = Debug|Any CPU
		{FC3964D3-9982-4881-AEEF-A7450D99584A}.Debug|Any CPU.Build.0 = Debug|Any CPU
		{FC3964D3-9982-4881-AEEF-A7450D99584A}.Debug|x64.ActiveCfg = Debug|Any CPU
		{FC3964D3-9982-4881-AEEF-A7450D99584A}.Debug|x64.Build.0 = Debug|Any CPU
		{FC3964D3-9982-4881-AEEF-A7450D99584A}.Debug|x86.ActiveCfg = Debug|Any CPU
		{FC3964D3-9982-4881-AEEF-A7450D99584A}.Debug|x86.Build.0 = Debug|Any CPU
		{FC3964D3-9982-4881-AEEF-A7450D99584A}.Release|Any CPU.ActiveCfg = Release|Any CPU
		{FC3964D3-9982-4881-AEEF-A7450D99584A}.Release|Any CPU.Build.0 = Release|Any CPU
		{FC3964D3-9982-4881-AEEF-A7450D99584A}.Release|x64.ActiveCfg = Release|Any CPU
		{FC3964D3-9982-4881-AEEF-A7450D99584A}.Release|x64.Build.0 = Release|Any CPU
		{FC3964D3-9982-4881-AEEF-A7450D99584A}.Release|x86.ActiveCfg = Release|Any CPU
		{FC3964D3-9982-4881-AEEF-A7450D99584A}.Release|x86.Build.0 = Release|Any CPU
		{9CC000AA-E3F9-ED2C-D619-00424FAD83F2}.Debug|Any CPU.ActiveCfg = Debug|Any CPU
		{9CC000AA-E3F9-ED2C-D619-00424FAD83F2}.Debug|Any CPU.Build.0 = Debug|Any CPU
		{9CC000AA-E3F9-ED2C-D619-00424FAD83F2}.Debug|x64.ActiveCfg = Debug|Any CPU
		{9CC000AA-E3F9-ED2C-D619-00424FAD83F2}.Debug|x64.Build.0 = Debug|Any CPU
		{9CC000AA-E3F9-ED2C-D619-00424FAD83F2}.Debug|x86.ActiveCfg = Debug|Any CPU
		{9CC000AA-E3F9-ED2C-D619-00424FAD83F2}.Debug|x86.Build.0 = Debug|Any CPU
		{9CC000AA-E3F9-ED2C-D619-00424FAD83F2}.Release|Any CPU.ActiveCfg = Release|Any CPU
		{9CC000AA-E3F9-ED2C-D619-00424FAD83F2}.Release|Any CPU.Build.0 = Release|Any CPU
		{9CC000AA-E3F9-ED2C-D619-00424FAD83F2}.Release|x64.ActiveCfg = Release|Any CPU
		{9CC000AA-E3F9-ED2C-D619-00424FAD83F2}.Release|x64.Build.0 = Release|Any CPU
		{9CC000AA-E3F9-ED2C-D619-00424FAD83F2}.Release|x86.ActiveCfg = Release|Any CPU
		{9CC000AA-E3F9-ED2C-D619-00424FAD83F2}.Release|x86.Build.0 = Release|Any CPU
		{A2CEE25E-C59C-4BA3-A26D-81D8C17BE2AF}.Debug|Any CPU.ActiveCfg = Debug|Any CPU
		{A2CEE25E-C59C-4BA3-A26D-81D8C17BE2AF}.Debug|Any CPU.Build.0 = Debug|Any CPU
		{A2CEE25E-C59C-4BA3-A26D-81D8C17BE2AF}.Debug|x64.ActiveCfg = Debug|Any CPU
		{A2CEE25E-C59C-4BA3-A26D-81D8C17BE2AF}.Debug|x64.Build.0 = Debug|Any CPU
		{A2CEE25E-C59C-4BA3-A26D-81D8C17BE2AF}.Debug|x86.ActiveCfg = Debug|Any CPU
		{A2CEE25E-C59C-4BA3-A26D-81D8C17BE2AF}.Debug|x86.Build.0 = Debug|Any CPU
		{A2CEE25E-C59C-4BA3-A26D-81D8C17BE2AF}.Release|Any CPU.ActiveCfg = Release|Any CPU
		{A2CEE25E-C59C-4BA3-A26D-81D8C17BE2AF}.Release|Any CPU.Build.0 = Release|Any CPU
		{A2CEE25E-C59C-4BA3-A26D-81D8C17BE2AF}.Release|x64.ActiveCfg = Release|Any CPU
		{A2CEE25E-C59C-4BA3-A26D-81D8C17BE2AF}.Release|x64.Build.0 = Release|Any CPU
		{A2CEE25E-C59C-4BA3-A26D-81D8C17BE2AF}.Release|x86.ActiveCfg = Release|Any CPU
		{A2CEE25E-C59C-4BA3-A26D-81D8C17BE2AF}.Release|x86.Build.0 = Release|Any CPU
	EndGlobalSection
	GlobalSection(SolutionProperties) = preSolution
		HideSolutionNode = FALSE
	EndGlobalSection
	GlobalSection(ExtensibilityGlobals) = postSolution
		SolutionGuid = {B1908C06-3EC1-4026-80F4-137E3AC66ABB}
	EndGlobalSection
EndGlobal
