{
  "name": "HistoryWebFrontend",
  "lockfileVersion": 3,
  "requires": true,
  "packages": {
    "": {
      "dependencies": {
        "benz-amr-recorder": "^1.1.5"
      }
    },
    "node_modules/benz-amr-recorder": {
      "version": "1.1.5",
      "resolved": "https://registry.npmjs.org/benz-amr-recorder/-/benz-amr-recorder-1.1.5.tgz",
      "integrity": "sha512-NepctcNTsZHK8NxBb5uKO5p8S+xkbm+vD6GLSkCYdJeEsriexvgumLHpDkanX4QJBcLRMVtg16buWMs+gUPB3g==",
      "license": "MIT",
      "dependencies": {
        "benz-recorderjs": "^1.0.5"
      }
    },
    "node_modules/benz-recorderjs": {
      "version": "1.0.5",
      "resolved": "https://registry.npmjs.org/benz-recorderjs/-/benz-recorderjs-1.0.5.tgz",
      "integrity": "sha512-EwedOQo9KLti7HxDi/eZY51PSRbAXnOdEZmLvJ6ro3QQSoF9Y3AXBt57MIllGvVz5vtFYMeikG+GD7qTm3+p9w==",
      "license": "MIT"
    }
  }
}
